
Microsoft Visual Studio Solution File, Format Version 12.00
# Visual Studio Version 17
VisualStudioVersion = 17.2.32505.173
MinimumVisualStudioVersion = 10.0.40219.1
Project("{FAE04EC0-301F-11D3-BF4B-00C04F79EFBC}") = "WindowsFormsApp1", "WindowsFormsApp1\WindowsFormsApp1.csproj", "{F6086455-9784-4DA8-9349-6EF547F7833F}"
EndProject
Project("{FAE04EC0-301F-11D3-BF4B-00C04F79EFBC}") = "Entitis", "Entitis\Entitis.csproj", "{1A4B4498-F7A6-447D-A194-F458B56B5373}"
EndProject
Global
	GlobalSection(SolutionConfigurationPlatforms) = preSolution
		Debug|Any CPU = Debug|Any CPU
		Release|Any CPU = Release|Any CPU
	EndGlobalSection
	GlobalSection(ProjectConfigurationPlatforms) = postSolution
		{F6086455-9784-4DA8-9349-6EF547F7833F}.Debug|Any CPU.ActiveCfg = Debug|Any CPU
		{F6086455-9784-4DA8-9349-6EF547F7833F}.Debug|Any CPU.Build.0 = Debug|Any CPU
		{F6086455-9784-4DA8-9349-6EF547F7833F}.Release|Any CPU.ActiveCfg = Release|Any CPU
		{F6086455-9784-4DA8-9349-6EF547F7833F}.Release|Any CPU.Build.0 = Release|Any CPU
		{1A4B4498-F7A6-447D-A194-F458B56B5373}.Debug|Any CPU.ActiveCfg = Debug|Any CPU
		{1A4B4498-F7A6-447D-A194-F458B56B5373}.Debug|Any CPU.Build.0 = Debug|Any CPU
		{1A4B4498-F7A6-447D-A194-F458B56B5373}.Release|Any CPU.ActiveCfg = Release|Any CPU
		{1A4B4498-F7A6-447D-A194-F458B56B5373}.Release|Any CPU.Build.0 = Release|Any CPU
	EndGlobalSection
	GlobalSection(SolutionProperties) = preSolution
		HideSolutionNode = FALSE
	EndGlobalSection
	GlobalSection(ExtensibilityGlobals) = postSolution
		SolutionGuid = {FC403BCD-DE53-4F40-8079-84A83831D0BF}
	EndGlobalSection
EndGlobal
